// !$*UTF8*$!
{
	archiveVersion = 1;
	classes = {
	};
	objectVersion = 52;
	objects = {

/* Begin PBXBuildFile section */
		84188D992903394400F0BECD /* CalendarViewController.swift in Sources */ = {isa = PBXBuildFile; fileRef = 84188D982903394400F0BECD /* CalendarViewController.swift */; };
		8447C58C292DA45200B5606C /* AddToPantryViewController.swift in Sources */ = {isa = PBXBuildFile; fileRef = 8447C58B292DA45200B5606C /* AddToPantryViewController.swift */; };
		8447C58F292E949100B5606C /* groceryItems.csv in Resources */ = {isa = PBXBuildFile; fileRef = 8447C58E292E949100B5606C /* groceryItems.csv */; };
		84803808291B4AC500FC9152 /* SettingsCell.swift in Sources */ = {isa = PBXBuildFile; fileRef = 84803807291B4AC500FC9152 /* SettingsCell.swift */; };
		8480380B291B4AD700FC9152 /* UserInfoHeader.swift in Sources */ = {isa = PBXBuildFile; fileRef = 8480380A291B4AD700FC9152 /* UserInfoHeader.swift */; };
		8480380E291B4AEC00FC9152 /* SettingsViewController.swift in Sources */ = {isa = PBXBuildFile; fileRef = 8480380D291B4AEC00FC9152 /* SettingsViewController.swift */; };
		84803812291C594F00FC9152 /* SettingsSection.swift in Sources */ = {isa = PBXBuildFile; fileRef = 84803811291C594F00FC9152 /* SettingsSection.swift */; };
		848CBDC329033605003362B5 /* CalendarKit in Frameworks */ = {isa = PBXBuildFile; productRef = 848CBDC229033605003362B5 /* CalendarKit */; };
		84B9982828FC857300160DD8 /* FirebaseAuth in Frameworks */ = {isa = PBXBuildFile; productRef = 84B9982728FC857300160DD8 /* FirebaseAuth */; };
		84B9982B28FC85AC00160DD8 /* GoogleService-Info.plist in Resources */ = {isa = PBXBuildFile; fileRef = 84B9982A28FC85AC00160DD8 /* GoogleService-Info.plist */; };
		84C17B1429219C8F00F33A9E /* PantryViewController.swift in Sources */ = {isa = PBXBuildFile; fileRef = 84C17B1329219C8F00F33A9E /* PantryViewController.swift */; };
		84C17B1729219EF600F33A9E /* PantrySection.swift in Sources */ = {isa = PBXBuildFile; fileRef = 84C17B1629219EF600F33A9E /* PantrySection.swift */; };
		84D033F0291434C500DB0838 /* FSCalendar in Frameworks */ = {isa = PBXBuildFile; productRef = 84D033EF291434C500DB0838 /* FSCalendar */; };
		84FAE1F128F9E6CA00BD4F64 /* AppDelegate.swift in Sources */ = {isa = PBXBuildFile; fileRef = 84FAE1F028F9E6CA00BD4F64 /* AppDelegate.swift */; };
		84FAE1F328F9E6CA00BD4F64 /* SceneDelegate.swift in Sources */ = {isa = PBXBuildFile; fileRef = 84FAE1F228F9E6CA00BD4F64 /* SceneDelegate.swift */; };
		84FAE1F528F9E6CA00BD4F64 /* LoginViewController.swift in Sources */ = {isa = PBXBuildFile; fileRef = 84FAE1F428F9E6CA00BD4F64 /* LoginViewController.swift */; };
		84FAE1F828F9E6CA00BD4F64 /* Main.storyboard in Resources */ = {isa = PBXBuildFile; fileRef = 84FAE1F628F9E6CA00BD4F64 /* Main.storyboard */; };
		84FAE1FB28F9E6CA00BD4F64 /* DailyPantry_cs329E.xcdatamodeld in Sources */ = {isa = PBXBuildFile; fileRef = 84FAE1F928F9E6CA00BD4F64 /* DailyPantry_cs329E.xcdatamodeld */; };
		84FAE1FD28F9E6CB00BD4F64 /* Assets.xcassets in Resources */ = {isa = PBXBuildFile; fileRef = 84FAE1FC28F9E6CB00BD4F64 /* Assets.xcassets */; };
		84FAE20028F9E6CB00BD4F64 /* LaunchScreen.storyboard in Resources */ = {isa = PBXBuildFile; fileRef = 84FAE1FE28F9E6CB00BD4F64 /* LaunchScreen.storyboard */; };
		BB0BB0A0292D685D00DF3725 /* StoredIngredient+CoreDataClass.swift in Sources */ = {isa = PBXBuildFile; fileRef = BB0BB09C292D685D00DF3725 /* StoredIngredient+CoreDataClass.swift */; };
		BB0BB0A1292D685D00DF3725 /* StoredIngredient+CoreDataProperties.swift in Sources */ = {isa = PBXBuildFile; fileRef = BB0BB09D292D685D00DF3725 /* StoredIngredient+CoreDataProperties.swift */; };
		BB0BB0AB292D97C600DF3725 /* StoredRecipe+CoreDataClass.swift in Sources */ = {isa = PBXBuildFile; fileRef = BB0BB0A7292D97C600DF3725 /* StoredRecipe+CoreDataClass.swift */; };
		BB0BB0AC292D97C600DF3725 /* StoredRecipe+CoreDataProperties.swift in Sources */ = {isa = PBXBuildFile; fileRef = BB0BB0A8292D97C600DF3725 /* StoredRecipe+CoreDataProperties.swift */; };
		BB0BB0AD292D97C600DF3725 /* StoredQty+CoreDataClass.swift in Sources */ = {isa = PBXBuildFile; fileRef = BB0BB0A9292D97C600DF3725 /* StoredQty+CoreDataClass.swift */; };
		BB0BB0AE292D97C600DF3725 /* StoredQty+CoreDataProperties.swift in Sources */ = {isa = PBXBuildFile; fileRef = BB0BB0AA292D97C600DF3725 /* StoredQty+CoreDataProperties.swift */; };

		ADAE70C429327FF900069702 /* UIStyleManager.swift in Sources */ = {isa = PBXBuildFile; fileRef = ADAE70C329327FF900069702 /* UIStyleManager.swift */; };
		ADAE70C6293283C500069702 /* UIStyleObserver.swift in Sources */ = {isa = PBXBuildFile; fileRef = ADAE70C5293283C500069702 /* UIStyleObserver.swift */; };
		ADAE70C82932849700069702 /* WeakStyleObserver.swift in Sources */ = {isa = PBXBuildFile; fileRef = ADAE70C72932849700069702 /* WeakStyleObserver.swift */; };
		ADAE70CA29328A4E00069702 /* CustomNavController.swift in Sources */ = {isa = PBXBuildFile; fileRef = ADAE70C929328A4E00069702 /* CustomNavController.swift */; };

		BB5844E6291472CB00FA3677 /* IngredientTableViewCell.swift in Sources */ = {isa = PBXBuildFile; fileRef = BB5844E5291472CB00FA3677 /* IngredientTableViewCell.swift */; };
		BBB002D729108291004B23BD /* Recipe.swift in Sources */ = {isa = PBXBuildFile; fileRef = BBB002D629108291004B23BD /* Recipe.swift */; };
		BBB002D92910904F004B23BD /* RecipeCatagoriesViewController.swift in Sources */ = {isa = PBXBuildFile; fileRef = BBB002D82910904F004B23BD /* RecipeCatagoriesViewController.swift */; };
		BBB002DB291092D2004B23BD /* RecipeViewController.swift in Sources */ = {isa = PBXBuildFile; fileRef = BBB002DA291092D2004B23BD /* RecipeViewController.swift */; };
		BBB002DD291092F6004B23BD /* RecipeListViewController.swift in Sources */ = {isa = PBXBuildFile; fileRef = BBB002DC291092F6004B23BD /* RecipeListViewController.swift */; };
		BBB002DF2910930E004B23BD /* AddRecipeViewController.swift in Sources */ = {isa = PBXBuildFile; fileRef = BBB002DE2910930E004B23BD /* AddRecipeViewController.swift */; };
		BBB002E32911F084004B23BD /* Ingredient.swift in Sources */ = {isa = PBXBuildFile; fileRef = BBB002E22911F084004B23BD /* Ingredient.swift */; };
/* End PBXBuildFile section */

/* Begin PBXFileReference section */
		84188D982903394400F0BECD /* CalendarViewController.swift */ = {isa = PBXFileReference; lastKnownFileType = sourcecode.swift; path = CalendarViewController.swift; sourceTree = "<group>"; };
		8447C58B292DA45200B5606C /* AddToPantryViewController.swift */ = {isa = PBXFileReference; lastKnownFileType = sourcecode.swift; path = AddToPantryViewController.swift; sourceTree = "<group>"; };
		8447C58E292E949100B5606C /* groceryItems.csv */ = {isa = PBXFileReference; fileEncoding = 4; lastKnownFileType = text; path = groceryItems.csv; sourceTree = "<group>"; };
		84803807291B4AC500FC9152 /* SettingsCell.swift */ = {isa = PBXFileReference; fileEncoding = 4; lastKnownFileType = sourcecode.swift; path = SettingsCell.swift; sourceTree = "<group>"; };
		8480380A291B4AD700FC9152 /* UserInfoHeader.swift */ = {isa = PBXFileReference; fileEncoding = 4; lastKnownFileType = sourcecode.swift; path = UserInfoHeader.swift; sourceTree = "<group>"; };
		8480380D291B4AEC00FC9152 /* SettingsViewController.swift */ = {isa = PBXFileReference; fileEncoding = 4; lastKnownFileType = sourcecode.swift; path = SettingsViewController.swift; sourceTree = "<group>"; };
		84803811291C594F00FC9152 /* SettingsSection.swift */ = {isa = PBXFileReference; lastKnownFileType = sourcecode.swift; path = SettingsSection.swift; sourceTree = "<group>"; };
		84B9982A28FC85AC00160DD8 /* GoogleService-Info.plist */ = {isa = PBXFileReference; fileEncoding = 4; lastKnownFileType = text.plist.xml; path = "GoogleService-Info.plist"; sourceTree = "<group>"; };
		84B9982D28FC877C00160DD8 /* DailyPantry-cs329E.entitlements */ = {isa = PBXFileReference; lastKnownFileType = text.plist.entitlements; path = "DailyPantry-cs329E.entitlements"; sourceTree = "<group>"; };
		84C17B1329219C8F00F33A9E /* PantryViewController.swift */ = {isa = PBXFileReference; lastKnownFileType = sourcecode.swift; path = PantryViewController.swift; sourceTree = "<group>"; };
		84C17B1629219EF600F33A9E /* PantrySection.swift */ = {isa = PBXFileReference; lastKnownFileType = sourcecode.swift; path = PantrySection.swift; sourceTree = "<group>"; };
		84FAE1ED28F9E6CA00BD4F64 /* DailyPantry-cs329E.app */ = {isa = PBXFileReference; explicitFileType = wrapper.application; includeInIndex = 0; path = "DailyPantry-cs329E.app"; sourceTree = BUILT_PRODUCTS_DIR; };
		84FAE1F028F9E6CA00BD4F64 /* AppDelegate.swift */ = {isa = PBXFileReference; lastKnownFileType = sourcecode.swift; path = AppDelegate.swift; sourceTree = "<group>"; };
		84FAE1F228F9E6CA00BD4F64 /* SceneDelegate.swift */ = {isa = PBXFileReference; lastKnownFileType = sourcecode.swift; path = SceneDelegate.swift; sourceTree = "<group>"; };
		84FAE1F428F9E6CA00BD4F64 /* LoginViewController.swift */ = {isa = PBXFileReference; lastKnownFileType = sourcecode.swift; path = LoginViewController.swift; sourceTree = "<group>"; };
		84FAE1F728F9E6CA00BD4F64 /* Base */ = {isa = PBXFileReference; lastKnownFileType = file.storyboard; name = Base; path = Base.lproj/Main.storyboard; sourceTree = "<group>"; };
		84FAE1FA28F9E6CA00BD4F64 /* DailyPantry_cs329E.xcdatamodel */ = {isa = PBXFileReference; lastKnownFileType = wrapper.xcdatamodel; path = DailyPantry_cs329E.xcdatamodel; sourceTree = "<group>"; };
		84FAE1FC28F9E6CB00BD4F64 /* Assets.xcassets */ = {isa = PBXFileReference; lastKnownFileType = folder.assetcatalog; path = Assets.xcassets; sourceTree = "<group>"; };
		84FAE1FF28F9E6CB00BD4F64 /* Base */ = {isa = PBXFileReference; lastKnownFileType = file.storyboard; name = Base; path = Base.lproj/LaunchScreen.storyboard; sourceTree = "<group>"; };
		84FAE20128F9E6CB00BD4F64 /* Info.plist */ = {isa = PBXFileReference; lastKnownFileType = text.plist.xml; path = Info.plist; sourceTree = "<group>"; };
		BB0BB09C292D685D00DF3725 /* StoredIngredient+CoreDataClass.swift */ = {isa = PBXFileReference; lastKnownFileType = sourcecode.swift; path = "StoredIngredient+CoreDataClass.swift"; sourceTree = "<group>"; };
		BB0BB09D292D685D00DF3725 /* StoredIngredient+CoreDataProperties.swift */ = {isa = PBXFileReference; lastKnownFileType = sourcecode.swift; path = "StoredIngredient+CoreDataProperties.swift"; sourceTree = "<group>"; };
		BB0BB0A7292D97C600DF3725 /* StoredRecipe+CoreDataClass.swift */ = {isa = PBXFileReference; lastKnownFileType = sourcecode.swift; path = "StoredRecipe+CoreDataClass.swift"; sourceTree = "<group>"; };
		BB0BB0A8292D97C600DF3725 /* StoredRecipe+CoreDataProperties.swift */ = {isa = PBXFileReference; lastKnownFileType = sourcecode.swift; path = "StoredRecipe+CoreDataProperties.swift"; sourceTree = "<group>"; };
		BB0BB0A9292D97C600DF3725 /* StoredQty+CoreDataClass.swift */ = {isa = PBXFileReference; lastKnownFileType = sourcecode.swift; path = "StoredQty+CoreDataClass.swift"; sourceTree = "<group>"; };
		BB0BB0AA292D97C600DF3725 /* StoredQty+CoreDataProperties.swift */ = {isa = PBXFileReference; lastKnownFileType = sourcecode.swift; path = "StoredQty+CoreDataProperties.swift"; sourceTree = "<group>"; };
		ADAE70C329327FF900069702 /* UIStyleManager.swift */ = {isa = PBXFileReference; lastKnownFileType = sourcecode.swift; path = UIStyleManager.swift; sourceTree = "<group>"; };
		ADAE70C5293283C500069702 /* UIStyleObserver.swift */ = {isa = PBXFileReference; lastKnownFileType = sourcecode.swift; path = UIStyleObserver.swift; sourceTree = "<group>"; };
		ADAE70C72932849700069702 /* WeakStyleObserver.swift */ = {isa = PBXFileReference; lastKnownFileType = sourcecode.swift; path = WeakStyleObserver.swift; sourceTree = "<group>"; };
		ADAE70C929328A4E00069702 /* CustomNavController.swift */ = {isa = PBXFileReference; lastKnownFileType = sourcecode.swift; path = CustomNavController.swift; sourceTree = "<group>"; };
		BB5844E5291472CB00FA3677 /* IngredientTableViewCell.swift */ = {isa = PBXFileReference; lastKnownFileType = sourcecode.swift; path = IngredientTableViewCell.swift; sourceTree = "<group>"; };
		BBB002D629108291004B23BD /* Recipe.swift */ = {isa = PBXFileReference; lastKnownFileType = sourcecode.swift; path = Recipe.swift; sourceTree = "<group>"; };
		BBB002D82910904F004B23BD /* RecipeCatagoriesViewController.swift */ = {isa = PBXFileReference; lastKnownFileType = sourcecode.swift; path = RecipeCatagoriesViewController.swift; sourceTree = "<group>"; };
		BBB002DA291092D2004B23BD /* RecipeViewController.swift */ = {isa = PBXFileReference; lastKnownFileType = sourcecode.swift; path = RecipeViewController.swift; sourceTree = "<group>"; };
		BBB002DC291092F6004B23BD /* RecipeListViewController.swift */ = {isa = PBXFileReference; lastKnownFileType = sourcecode.swift; path = RecipeListViewController.swift; sourceTree = "<group>"; };
		BBB002DE2910930E004B23BD /* AddRecipeViewController.swift */ = {isa = PBXFileReference; lastKnownFileType = sourcecode.swift; path = AddRecipeViewController.swift; sourceTree = "<group>"; };
		BBB002E22911F084004B23BD /* Ingredient.swift */ = {isa = PBXFileReference; lastKnownFileType = sourcecode.swift; path = Ingredient.swift; sourceTree = "<group>"; };
/* End PBXFileReference section */

/* Begin PBXFrameworksBuildPhase section */
		84FAE1EA28F9E6CA00BD4F64 /* Frameworks */ = {
			isa = PBXFrameworksBuildPhase;
			buildActionMask = 2147483647;
			files = (
				84B9982828FC857300160DD8 /* FirebaseAuth in Frameworks */,
				84D033F0291434C500DB0838 /* FSCalendar in Frameworks */,
				848CBDC329033605003362B5 /* CalendarKit in Frameworks */,
			);
			runOnlyForDeploymentPostprocessing = 0;
		};
/* End PBXFrameworksBuildPhase section */

/* Begin PBXGroup section */
		84FAE1E428F9E6CA00BD4F64 = {
			isa = PBXGroup;
			children = (
				84FAE1EF28F9E6CA00BD4F64 /* DailyPantry-cs329E */,
				84FAE1EE28F9E6CA00BD4F64 /* Products */,
			);
			sourceTree = "<group>";
		};
		84FAE1EE28F9E6CA00BD4F64 /* Products */ = {
			isa = PBXGroup;
			children = (
				84FAE1ED28F9E6CA00BD4F64 /* DailyPantry-cs329E.app */,
			);
			name = Products;
			sourceTree = "<group>";
		};
		84FAE1EF28F9E6CA00BD4F64 /* DailyPantry-cs329E */ = {
			isa = PBXGroup;
			children = (
				84B9982D28FC877C00160DD8 /* DailyPantry-cs329E.entitlements */,
				84FAE1F028F9E6CA00BD4F64 /* AppDelegate.swift */,
				84803807291B4AC500FC9152 /* SettingsCell.swift */,
				8480380A291B4AD700FC9152 /* UserInfoHeader.swift */,
				8480380D291B4AEC00FC9152 /* SettingsViewController.swift */,
				84803811291C594F00FC9152 /* SettingsSection.swift */,
				84C17B1629219EF600F33A9E /* PantrySection.swift */,
				84FAE1F228F9E6CA00BD4F64 /* SceneDelegate.swift */,
				84FAE1F428F9E6CA00BD4F64 /* LoginViewController.swift */,
				84188D982903394400F0BECD /* CalendarViewController.swift */,
				8447C58E292E949100B5606C /* groceryItems.csv */,
				84FAE1F628F9E6CA00BD4F64 /* Main.storyboard */,
				8447C58B292DA45200B5606C /* AddToPantryViewController.swift */,
				84C17B1329219C8F00F33A9E /* PantryViewController.swift */,
				84FAE1FC28F9E6CB00BD4F64 /* Assets.xcassets */,
				84FAE1FE28F9E6CB00BD4F64 /* LaunchScreen.storyboard */,
				84FAE20128F9E6CB00BD4F64 /* Info.plist */,
				84FAE1F928F9E6CA00BD4F64 /* DailyPantry_cs329E.xcdatamodeld */,
				84B9982A28FC85AC00160DD8 /* GoogleService-Info.plist */,
			);
			path = "DailyPantry-cs329E";
			sourceTree = "<group>";
		};
/* End PBXGroup section */

/* Begin PBXNativeTarget section */
		84FAE1EC28F9E6CA00BD4F64 /* DailyPantry-cs329E */ = {
			isa = PBXNativeTarget;
			buildConfigurationList = 84FAE20428F9E6CB00BD4F64 /* Build configuration list for PBXNativeTarget "DailyPantry-cs329E" */;
			buildPhases = (
				84FAE1E928F9E6CA00BD4F64 /* Sources */,
				84FAE1EA28F9E6CA00BD4F64 /* Frameworks */,
				84FAE1EB28F9E6CA00BD4F64 /* Resources */,
			);
			buildRules = (
			);
			dependencies = (
			);
			name = "DailyPantry-cs329E";
			packageProductDependencies = (
				84B9982728FC857300160DD8 /* FirebaseAuth */,
				848CBDC229033605003362B5 /* CalendarKit */,
				84D033EF291434C500DB0838 /* FSCalendar */,
			);
			productName = "DailyPantry-cs329E";
			productReference = 84FAE1ED28F9E6CA00BD4F64 /* DailyPantry-cs329E.app */;
			productType = "com.apple.product-type.application";
		};
/* End PBXNativeTarget section */

/* Begin PBXProject section */
		84FAE1E528F9E6CA00BD4F64 /* Project object */ = {
			isa = PBXProject;
			attributes = {
				LastSwiftUpdateCheck = 1240;
				LastUpgradeCheck = 1240;
				TargetAttributes = {
					84FAE1EC28F9E6CA00BD4F64 = {
						CreatedOnToolsVersion = 12.4;
					};
				};
			};
			buildConfigurationList = 84FAE1E828F9E6CA00BD4F64 /* Build configuration list for PBXProject "DailyPantry-cs329E" */;
			compatibilityVersion = "Xcode 9.3";
			developmentRegion = en;
			hasScannedForEncodings = 0;
			knownRegions = (
				en,
				Base,
			);
			mainGroup = 84FAE1E428F9E6CA00BD4F64;
			packageReferences = (
				84B9982628FC857300160DD8 /* XCRemoteSwiftPackageReference "firebase-ios-sdk" */,
				848CBDC129033604003362B5 /* XCRemoteSwiftPackageReference "CalendarKit" */,
				84D033EE291434C500DB0838 /* XCRemoteSwiftPackageReference "FSCalendar" */,
			);
			productRefGroup = 84FAE1EE28F9E6CA00BD4F64 /* Products */;
			projectDirPath = "";
			projectRoot = "";
			targets = (
				84FAE1EC28F9E6CA00BD4F64 /* DailyPantry-cs329E */,
			);
		};
/* End PBXProject section */

/* Begin PBXResourcesBuildPhase section */
		84FAE1EB28F9E6CA00BD4F64 /* Resources */ = {
			isa = PBXResourcesBuildPhase;
			buildActionMask = 2147483647;
			files = (
				84FAE20028F9E6CB00BD4F64 /* LaunchScreen.storyboard in Resources */,
				84B9982B28FC85AC00160DD8 /* GoogleService-Info.plist in Resources */,
				84FAE1FD28F9E6CB00BD4F64 /* Assets.xcassets in Resources */,
				8447C58F292E949100B5606C /* groceryItems.csv in Resources */,
				84FAE1F828F9E6CA00BD4F64 /* Main.storyboard in Resources */,
			);
			runOnlyForDeploymentPostprocessing = 0;
		};
/* End PBXResourcesBuildPhase section */

/* Begin PBXSourcesBuildPhase section */
		84FAE1E928F9E6CA00BD4F64 /* Sources */ = {
			isa = PBXSourcesBuildPhase;
			buildActionMask = 2147483647;
			files = (
				84188D992903394400F0BECD /* CalendarViewController.swift in Sources */,
				8480380B291B4AD700FC9152 /* UserInfoHeader.swift in Sources */,
				84FAE1FB28F9E6CA00BD4F64 /* DailyPantry_cs329E.xcdatamodeld in Sources */,
				8447C58C292DA45200B5606C /* AddToPantryViewController.swift in Sources */,
				84C17B1729219EF600F33A9E /* PantrySection.swift in Sources */,
				84803808291B4AC500FC9152 /* SettingsCell.swift in Sources */,
				84C17B1429219C8F00F33A9E /* PantryViewController.swift in Sources */,
				BB0BB0A0292D685D00DF3725 /* StoredIngredient+CoreDataClass.swift in Sources */,
				ADAE70CA29328A4E00069702 /* CustomNavController.swift in Sources */,
				84FAE1F528F9E6CA00BD4F64 /* LoginViewController.swift in Sources */,
				84FAE1F128F9E6CA00BD4F64 /* AppDelegate.swift in Sources */,
				84803812291C594F00FC9152 /* SettingsSection.swift in Sources */,
				8480380E291B4AEC00FC9152 /* SettingsViewController.swift in Sources */,
				84FAE1F328F9E6CA00BD4F64 /* SceneDelegate.swift in Sources */,
			);
			runOnlyForDeploymentPostprocessing = 0;
		};
/* End PBXSourcesBuildPhase section */

/* Begin PBXVariantGroup section */
		84FAE1F628F9E6CA00BD4F64 /* Main.storyboard */ = {
			isa = PBXVariantGroup;
			children = (
				84FAE1F728F9E6CA00BD4F64 /* Base */,
			);
			name = Main.storyboard;
			sourceTree = "<group>";
		};
		84FAE1FE28F9E6CB00BD4F64 /* LaunchScreen.storyboard */ = {
			isa = PBXVariantGroup;
			children = (
				84FAE1FF28F9E6CB00BD4F64 /* Base */,
			);
			name = LaunchScreen.storyboard;
			sourceTree = "<group>";
		};
/* End PBXVariantGroup section */

/* Begin XCBuildConfiguration section */
		84FAE20228F9E6CB00BD4F64 /* Debug */ = {
			isa = XCBuildConfiguration;
			buildSettings = {
				ALWAYS_SEARCH_USER_PATHS = NO;
				CLANG_ANALYZER_NONNULL = YES;
				CLANG_ANALYZER_NUMBER_OBJECT_CONVERSION = YES_AGGRESSIVE;
				CLANG_CXX_LANGUAGE_STANDARD = "gnu++14";
				CLANG_CXX_LIBRARY = "libc++";
				CLANG_ENABLE_MODULES = YES;
				CLANG_ENABLE_OBJC_ARC = YES;
				CLANG_ENABLE_OBJC_WEAK = YES;
				CLANG_WARN_BLOCK_CAPTURE_AUTORELEASING = YES;
				CLANG_WARN_BOOL_CONVERSION = YES;
				CLANG_WARN_COMMA = YES;
				CLANG_WARN_CONSTANT_CONVERSION = YES;
				CLANG_WARN_DEPRECATED_OBJC_IMPLEMENTATIONS = YES;
				CLANG_WARN_DIRECT_OBJC_ISA_USAGE = YES_ERROR;
				CLANG_WARN_DOCUMENTATION_COMMENTS = YES;
				CLANG_WARN_EMPTY_BODY = YES;
				CLANG_WARN_ENUM_CONVERSION = YES;
				CLANG_WARN_INFINITE_RECURSION = YES;
				CLANG_WARN_INT_CONVERSION = YES;
				CLANG_WARN_NON_LITERAL_NULL_CONVERSION = YES;
				CLANG_WARN_OBJC_IMPLICIT_RETAIN_SELF = YES;
				CLANG_WARN_OBJC_LITERAL_CONVERSION = YES;
				CLANG_WARN_OBJC_ROOT_CLASS = YES_ERROR;
				CLANG_WARN_QUOTED_INCLUDE_IN_FRAMEWORK_HEADER = YES;
				CLANG_WARN_RANGE_LOOP_ANALYSIS = YES;
				CLANG_WARN_STRICT_PROTOTYPES = YES;
				CLANG_WARN_SUSPICIOUS_MOVE = YES;
				CLANG_WARN_UNGUARDED_AVAILABILITY = YES_AGGRESSIVE;
				CLANG_WARN_UNREACHABLE_CODE = YES;
				CLANG_WARN__DUPLICATE_METHOD_MATCH = YES;
				COPY_PHASE_STRIP = NO;
				DEBUG_INFORMATION_FORMAT = dwarf;
				ENABLE_STRICT_OBJC_MSGSEND = YES;
				ENABLE_TESTABILITY = YES;
				GCC_C_LANGUAGE_STANDARD = gnu11;
				GCC_DYNAMIC_NO_PIC = NO;
				GCC_NO_COMMON_BLOCKS = YES;
				GCC_OPTIMIZATION_LEVEL = 0;
				GCC_PREPROCESSOR_DEFINITIONS = (
					"DEBUG=1",
					"$(inherited)",
				);
				GCC_WARN_64_TO_32_BIT_CONVERSION = YES;
				GCC_WARN_ABOUT_RETURN_TYPE = YES_ERROR;
				GCC_WARN_UNDECLARED_SELECTOR = YES;
				GCC_WARN_UNINITIALIZED_AUTOS = YES_AGGRESSIVE;
				GCC_WARN_UNUSED_FUNCTION = YES;
				GCC_WARN_UNUSED_VARIABLE = YES;
				IPHONEOS_DEPLOYMENT_TARGET = 14.4;
				MTL_ENABLE_DEBUG_INFO = INCLUDE_SOURCE;
				MTL_FAST_MATH = YES;
				ONLY_ACTIVE_ARCH = YES;
				SDKROOT = iphoneos;
				SWIFT_ACTIVE_COMPILATION_CONDITIONS = DEBUG;
				SWIFT_OPTIMIZATION_LEVEL = "-Onone";
			};
			name = Debug;
		};
		84FAE20328F9E6CB00BD4F64 /* Release */ = {
			isa = XCBuildConfiguration;
			buildSettings = {
				ALWAYS_SEARCH_USER_PATHS = NO;
				CLANG_ANALYZER_NONNULL = YES;
				CLANG_ANALYZER_NUMBER_OBJECT_CONVERSION = YES_AGGRESSIVE;
				CLANG_CXX_LANGUAGE_STANDARD = "gnu++14";
				CLANG_CXX_LIBRARY = "libc++";
				CLANG_ENABLE_MODULES = YES;
				CLANG_ENABLE_OBJC_ARC = YES;
				CLANG_ENABLE_OBJC_WEAK = YES;
				CLANG_WARN_BLOCK_CAPTURE_AUTORELEASING = YES;
				CLANG_WARN_BOOL_CONVERSION = YES;
				CLANG_WARN_COMMA = YES;
				CLANG_WARN_CONSTANT_CONVERSION = YES;
				CLANG_WARN_DEPRECATED_OBJC_IMPLEMENTATIONS = YES;
				CLANG_WARN_DIRECT_OBJC_ISA_USAGE = YES_ERROR;
				CLANG_WARN_DOCUMENTATION_COMMENTS = YES;
				CLANG_WARN_EMPTY_BODY = YES;
				CLANG_WARN_ENUM_CONVERSION = YES;
				CLANG_WARN_INFINITE_RECURSION = YES;
				CLANG_WARN_INT_CONVERSION = YES;
				CLANG_WARN_NON_LITERAL_NULL_CONVERSION = YES;
				CLANG_WARN_OBJC_IMPLICIT_RETAIN_SELF = YES;
				CLANG_WARN_OBJC_LITERAL_CONVERSION = YES;
				CLANG_WARN_OBJC_ROOT_CLASS = YES_ERROR;
				CLANG_WARN_QUOTED_INCLUDE_IN_FRAMEWORK_HEADER = YES;
				CLANG_WARN_RANGE_LOOP_ANALYSIS = YES;
				CLANG_WARN_STRICT_PROTOTYPES = YES;
				CLANG_WARN_SUSPICIOUS_MOVE = YES;
				CLANG_WARN_UNGUARDED_AVAILABILITY = YES_AGGRESSIVE;
				CLANG_WARN_UNREACHABLE_CODE = YES;
				CLANG_WARN__DUPLICATE_METHOD_MATCH = YES;
				COPY_PHASE_STRIP = NO;
				DEBUG_INFORMATION_FORMAT = "dwarf-with-dsym";
				ENABLE_NS_ASSERTIONS = NO;
				ENABLE_STRICT_OBJC_MSGSEND = YES;
				GCC_C_LANGUAGE_STANDARD = gnu11;
				GCC_NO_COMMON_BLOCKS = YES;
				GCC_WARN_64_TO_32_BIT_CONVERSION = YES;
				GCC_WARN_ABOUT_RETURN_TYPE = YES_ERROR;
				GCC_WARN_UNDECLARED_SELECTOR = YES;
				GCC_WARN_UNINITIALIZED_AUTOS = YES_AGGRESSIVE;
				GCC_WARN_UNUSED_FUNCTION = YES;
				GCC_WARN_UNUSED_VARIABLE = YES;
				IPHONEOS_DEPLOYMENT_TARGET = 14.4;
				MTL_ENABLE_DEBUG_INFO = NO;
				MTL_FAST_MATH = YES;
				SDKROOT = iphoneos;
				SWIFT_COMPILATION_MODE = wholemodule;
				SWIFT_OPTIMIZATION_LEVEL = "-O";
				VALIDATE_PRODUCT = YES;
			};
			name = Release;
		};
		84FAE20528F9E6CB00BD4F64 /* Debug */ = {
			isa = XCBuildConfiguration;
			buildSettings = {
				ASSETCATALOG_COMPILER_APPICON_NAME = AppIcon;
				ASSETCATALOG_COMPILER_GLOBAL_ACCENT_COLOR_NAME = AccentColor;
				CODE_SIGN_ENTITLEMENTS = "DailyPantry-cs329E/DailyPantry-cs329E.entitlements";
				CODE_SIGN_STYLE = Automatic;
				DEVELOPMENT_TEAM = AX7YF75TTZ;
				INFOPLIST_FILE = "DailyPantry-cs329E/Info.plist";
				LD_RUNPATH_SEARCH_PATHS = (
					"$(inherited)",
					"@executable_path/Frameworks",
				);
				PRODUCT_BUNDLE_IDENTIFIER = "utcs.DailyPantry-cs329E";
				PRODUCT_NAME = "$(TARGET_NAME)";
				SWIFT_VERSION = 5.0;
				TARGETED_DEVICE_FAMILY = "1,2";
			};
			name = Debug;
		};
		84FAE20628F9E6CB00BD4F64 /* Release */ = {
			isa = XCBuildConfiguration;
			buildSettings = {
				ASSETCATALOG_COMPILER_APPICON_NAME = AppIcon;
				ASSETCATALOG_COMPILER_GLOBAL_ACCENT_COLOR_NAME = AccentColor;
				CODE_SIGN_ENTITLEMENTS = "DailyPantry-cs329E/DailyPantry-cs329E.entitlements";
				CODE_SIGN_STYLE = Automatic;
				DEVELOPMENT_TEAM = AX7YF75TTZ;
				INFOPLIST_FILE = "DailyPantry-cs329E/Info.plist";
				LD_RUNPATH_SEARCH_PATHS = (
					"$(inherited)",
					"@executable_path/Frameworks",
				);
				PRODUCT_BUNDLE_IDENTIFIER = "utcs.DailyPantry-cs329E";
				PRODUCT_NAME = "$(TARGET_NAME)";
				SWIFT_VERSION = 5.0;
				TARGETED_DEVICE_FAMILY = "1,2";
			};
			name = Release;
		};
/* End XCBuildConfiguration section */

/* Begin XCConfigurationList section */
		84FAE1E828F9E6CA00BD4F64 /* Build configuration list for PBXProject "DailyPantry-cs329E" */ = {
			isa = XCConfigurationList;
			buildConfigurations = (
				84FAE20228F9E6CB00BD4F64 /* Debug */,
				84FAE20328F9E6CB00BD4F64 /* Release */,
			);
			defaultConfigurationIsVisible = 0;
			defaultConfigurationName = Release;
		};
		84FAE20428F9E6CB00BD4F64 /* Build configuration list for PBXNativeTarget "DailyPantry-cs329E" */ = {
			isa = XCConfigurationList;
			buildConfigurations = (
				84FAE20528F9E6CB00BD4F64 /* Debug */,
				84FAE20628F9E6CB00BD4F64 /* Release */,
			);
			defaultConfigurationIsVisible = 0;
			defaultConfigurationName = Release;
		};
/* End XCConfigurationList section */

/* Begin XCRemoteSwiftPackageReference section */
		848CBDC129033604003362B5 /* XCRemoteSwiftPackageReference "CalendarKit" */ = {
			isa = XCRemoteSwiftPackageReference;
			repositoryURL = "https://github.com/richardtop/CalendarKit.git";
			requirement = {
				kind = upToNextMajorVersion;
				minimumVersion = 1.1.6;
			};
		};
		84B9982628FC857300160DD8 /* XCRemoteSwiftPackageReference "firebase-ios-sdk" */ = {
			isa = XCRemoteSwiftPackageReference;
			repositoryURL = "https://github.com/firebase/firebase-ios-sdk";
			requirement = {
				kind = upToNextMajorVersion;
				minimumVersion = 10.0.0;
			};
		};
		84D033EE291434C500DB0838 /* XCRemoteSwiftPackageReference "FSCalendar" */ = {
			isa = XCRemoteSwiftPackageReference;
			repositoryURL = "https://github.com/WenchaoD/FSCalendar";
			requirement = {
				kind = upToNextMajorVersion;
				minimumVersion = 2.8.4;
			};
		};
/* End XCRemoteSwiftPackageReference section */

/* Begin XCSwiftPackageProductDependency section */
		848CBDC229033605003362B5 /* CalendarKit */ = {
			isa = XCSwiftPackageProductDependency;
			package = 848CBDC129033604003362B5 /* XCRemoteSwiftPackageReference "CalendarKit" */;
			productName = CalendarKit;
		};
		84B9982728FC857300160DD8 /* FirebaseAuth */ = {
			isa = XCSwiftPackageProductDependency;
			package = 84B9982628FC857300160DD8 /* XCRemoteSwiftPackageReference "firebase-ios-sdk" */;
			productName = FirebaseAuth;
		};
		84D033EF291434C500DB0838 /* FSCalendar */ = {
			isa = XCSwiftPackageProductDependency;
			package = 84D033EE291434C500DB0838 /* XCRemoteSwiftPackageReference "FSCalendar" */;
			productName = FSCalendar;
		};
/* End XCSwiftPackageProductDependency section */

/* Begin XCVersionGroup section */
		84FAE1F928F9E6CA00BD4F64 /* DailyPantry_cs329E.xcdatamodeld */ = {
			isa = XCVersionGroup;
			children = (
				84FAE1FA28F9E6CA00BD4F64 /* DailyPantry_cs329E.xcdatamodel */,
			);
			currentVersion = 84FAE1FA28F9E6CA00BD4F64 /* DailyPantry_cs329E.xcdatamodel */;
			path = DailyPantry_cs329E.xcdatamodeld;
			sourceTree = "<group>";
			versionGroupType = wrapper.xcdatamodel;
		};
/* End XCVersionGroup section */
	};
	rootObject = 84FAE1E528F9E6CA00BD4F64 /* Project object */;
}
